
Microsoft Visual Studio Solution File, Format Version 12.00
# Visual Studio Version 16
VisualStudioVersion = 16.0.30114.105
MinimumVisualStudioVersion = 10.0.40219.1
Project("{FAE04EC0-301F-11D3-BF4B-00C04F79EFBC}") = "Agresso HR MA", "Agresso HR MA.csproj", "{D9CD44A7-E804-4827-B0A7-6DAFCF27A10A}"
EndProject
Global
	GlobalSection(SolutionConfigurationPlatforms) = preSolution
		Debug|Any CPU = Debug|Any CPU
		Release|Any CPU = Release|Any CPU
	EndGlobalSection
	GlobalSection(ProjectConfigurationPlatforms) = postSolution
		{D9CD44A7-E804-4827-B0A7-6DAFCF27A10A}.Debug|Any CPU.ActiveCfg = Debug|Any CPU
		{D9CD44A7-E804-4827-B0A7-6DAFCF27A10A}.Debug|Any CPU.Build.0 = Debug|Any CPU
		{D9CD44A7-E804-4827-B0A7-6DAFCF27A10A}.Release|Any CPU.ActiveCfg = Release|Any CPU
		{D9CD44A7-E804-4827-B0A7-6DAFCF27A10A}.Release|Any CPU.Build.0 = Release|Any CPU
	EndGlobalSection
	GlobalSection(SolutionProperties) = preSolution
		HideSolutionNode = FALSE
	EndGlobalSection
	GlobalSection(ExtensibilityGlobals) = postSolution
		SolutionGuid = {3CD48F18-6FFD-405D-BF72-6944BCFE8210}
	EndGlobalSection
EndGlobal
